// !$*UTF8*$!
{
	archiveVersion = 1;
	classes = {
	};
	objectVersion = 56;
	objects = {

/* Begin PBXBuildFile section */
		492C9F75298BB26E0059906B /* AppDelegate.m in Sources */ = {isa = PBXBuildFile; fileRef = 492C9F74298BB26E0059906B /* AppDelegate.m */; };
		492C9F78298BB26E0059906B /* SceneDelegate.m in Sources */ = {isa = PBXBuildFile; fileRef = 492C9F77298BB26E0059906B /* SceneDelegate.m */; };
		492C9F7B298BB26E0059906B /* ViewController.m in Sources */ = {isa = PBXBuildFile; fileRef = 492C9F7A298BB26E0059906B /* ViewController.m */; };
		492C9F7E298BB26E0059906B /* Main.storyboard in Resources */ = {isa = PBXBuildFile; fileRef = 492C9F7C298BB26E0059906B /* Main.storyboard */; };
		492C9F80298BB2710059906B /* Assets.xcassets in Resources */ = {isa = PBXBuildFile; fileRef = 492C9F7F298BB2710059906B /* Assets.xcassets */; };
		492C9F83298BB2710059906B /* LaunchScreen.storyboard in Resources */ = {isa = PBXBuildFile; fileRef = 492C9F81298BB2710059906B /* LaunchScreen.storyboard */; };
		492C9F86298BB2710059906B /* main.m in Sources */ = {isa = PBXBuildFile; fileRef = 492C9F85298BB2710059906B /* main.m */; };
		492C9F91298BBA880059906B /* SGLXlogManager.mm in Sources */ = {isa = PBXBuildFile; fileRef = 492C9F8D298BBA880059906B /* SGLXlogManager.mm */; };
		492C9F92298BBA880059906B /* mars.framework in Frameworks */ = {isa = PBXBuildFile; fileRef = 492C9F8F298BBA880059906B /* mars.framework */; };
		492C9F95298BBB010059906B /* Foundation.framework in Frameworks */ = {isa = PBXBuildFile; fileRef = 492C9F94298BBB010059906B /* Foundation.framework */; };
		492C9F97298BBB0A0059906B /* CoreTelephony.framework in Frameworks */ = {isa = PBXBuildFile; fileRef = 492C9F96298BBB090059906B /* CoreTelephony.framework */; };
		492C9F99298BBB110059906B /* UIKit.framework in Frameworks */ = {isa = PBXBuildFile; fileRef = 492C9F98298BBB110059906B /* UIKit.framework */; };
		492C9F9D298BBB350059906B /* SystemConfiguration.framework in Frameworks */ = {isa = PBXBuildFile; fileRef = 492C9F9C298BBB340059906B /* SystemConfiguration.framework */; };
		492C9F9F298BBB520059906B /* libresolv.9.tbd in Frameworks */ = {isa = PBXBuildFile; fileRef = 492C9F9E298BBB3B0059906B /* libresolv.9.tbd */; };
		492C9FA0298BBB5C0059906B /* libz.tbd in Frameworks */ = {isa = PBXBuildFile; fileRef = 492C9F9A298BBB1F0059906B /* libz.tbd */; };
/* End PBXBuildFile section */

/* Begin PBXFileReference section */
		492C9F70298BB26E0059906B /* marsXlog.app */ = {isa = PBXFileReference; explicitFileType = wrapper.application; includeInIndex = 0; path = marsXlog.app; sourceTree = BUILT_PRODUCTS_DIR; };
		492C9F73298BB26E0059906B /* AppDelegate.h */ = {isa = PBXFileReference; lastKnownFileType = sourcecode.c.h; path = AppDelegate.h; sourceTree = "<group>"; };
		492C9F74298BB26E0059906B /* AppDelegate.m */ = {isa = PBXFileReference; lastKnownFileType = sourcecode.c.objc; path = AppDelegate.m; sourceTree = "<group>"; };
		492C9F76298BB26E0059906B /* SceneDelegate.h */ = {isa = PBXFileReference; lastKnownFileType = sourcecode.c.h; path = SceneDelegate.h; sourceTree = "<group>"; };
		492C9F77298BB26E0059906B /* SceneDelegate.m */ = {isa = PBXFileReference; lastKnownFileType = sourcecode.c.objc; path = SceneDelegate.m; sourceTree = "<group>"; };
		492C9F79298BB26E0059906B /* ViewController.h */ = {isa = PBXFileReference; lastKnownFileType = sourcecode.c.h; path = ViewController.h; sourceTree = "<group>"; };
		492C9F7A298BB26E0059906B /* ViewController.m */ = {isa = PBXFileReference; lastKnownFileType = sourcecode.c.objc; path = ViewController.m; sourceTree = "<group>"; };
		492C9F7D298BB26E0059906B /* Base */ = {isa = PBXFileReference; lastKnownFileType = file.storyboard; name = Base; path = Base.lproj/Main.storyboard; sourceTree = "<group>"; };
		492C9F7F298BB2710059906B /* Assets.xcassets */ = {isa = PBXFileReference; lastKnownFileType = folder.assetcatalog; path = Assets.xcassets; sourceTree = "<group>"; };
		492C9F82298BB2710059906B /* Base */ = {isa = PBXFileReference; lastKnownFileType = file.storyboard; name = Base; path = Base.lproj/LaunchScreen.storyboard; sourceTree = "<group>"; };
		492C9F84298BB2710059906B /* Info.plist */ = {isa = PBXFileReference; lastKnownFileType = text.plist.xml; path = Info.plist; sourceTree = "<group>"; };
		492C9F85298BB2710059906B /* main.m */ = {isa = PBXFileReference; lastKnownFileType = sourcecode.c.objc; path = main.m; sourceTree = "<group>"; };
		492C9F8D298BBA880059906B /* SGLXlogManager.mm */ = {isa = PBXFileReference; fileEncoding = 4; lastKnownFileType = sourcecode.cpp.objcpp; path = SGLXlogManager.mm; sourceTree = "<group>"; };
		492C9F8F298BBA880059906B /* mars.framework */ = {isa = PBXFileReference; lastKnownFileType = wrapper.framework; path = mars.framework; sourceTree = "<group>"; };
		492C9F90298BBA880059906B /* SGLXlogManager.h */ = {isa = PBXFileReference; fileEncoding = 4; lastKnownFileType = sourcecode.c.h; path = SGLXlogManager.h; sourceTree = "<group>"; };
		492C9F94298BBB010059906B /* Foundation.framework */ = {isa = PBXFileReference; lastKnownFileType = wrapper.framework; name = Foundation.framework; path = System/Library/Frameworks/Foundation.framework; sourceTree = SDKROOT; };
		492C9F96298BBB090059906B /* CoreTelephony.framework */ = {isa = PBXFileReference; lastKnownFileType = wrapper.framework; name = CoreTelephony.framework; path = System/Library/Frameworks/CoreTelephony.framework; sourceTree = SDKROOT; };
		492C9F98298BBB110059906B /* UIKit.framework */ = {isa = PBXFileReference; lastKnownFileType = wrapper.framework; name = UIKit.framework; path = System/Library/Frameworks/UIKit.framework; sourceTree = SDKROOT; };
		492C9F9A298BBB1F0059906B /* libz.tbd */ = {isa = PBXFileReference; lastKnownFileType = "sourcecode.text-based-dylib-definition"; name = libz.tbd; path = usr/lib/libz.tbd; sourceTree = SDKROOT; };
		492C9F9C298BBB340059906B /* SystemConfiguration.framework */ = {isa = PBXFileReference; lastKnownFileType = wrapper.framework; name = SystemConfiguration.framework; path = System/Library/Frameworks/SystemConfiguration.framework; sourceTree = SDKROOT; };
		492C9F9E298BBB3B0059906B /* libresolv.9.tbd */ = {isa = PBXFileReference; lastKnownFileType = "sourcecode.text-based-dylib-definition"; name = libresolv.9.tbd; path = usr/lib/libresolv.9.tbd; sourceTree = SDKROOT; };
/* End PBXFileReference section */

/* Begin PBXFrameworksBuildPhase section */
		492C9F6D298BB26E0059906B /* Frameworks */ = {
			isa = PBXFrameworksBuildPhase;
			buildActionMask = 2147483647;
			files = (
				492C9F92298BBA880059906B /* mars.framework in Frameworks */,
				492C9F99298BBB110059906B /* UIKit.framework in Frameworks */,
				492C9FA0298BBB5C0059906B /* libz.tbd in Frameworks */,
				492C9F97298BBB0A0059906B /* CoreTelephony.framework in Frameworks */,
				492C9F9F298BBB520059906B /* libresolv.9.tbd in Frameworks */,
				492C9F95298BBB010059906B /* Foundation.framework in Frameworks */,
				492C9F9D298BBB350059906B /* SystemConfiguration.framework in Frameworks */,
			);
			runOnlyForDeploymentPostprocessing = 0;
		};
/* End PBXFrameworksBuildPhase section */

/* Begin PBXGroup section */
		492C9F67298BB26E0059906B = {
			isa = PBXGroup;
			children = (
				492C9F72298BB26E0059906B /* marsXlog */,
				492C9F71298BB26E0059906B /* Products */,
				492C9F93298BBB000059906B /* Frameworks */,
			);
			sourceTree = "<group>";
		};
		492C9F71298BB26E0059906B /* Products */ = {
			isa = PBXGroup;
			children = (
				492C9F70298BB26E0059906B /* marsXlog.app */,
			);
			name = Products;
			sourceTree = "<group>";
		};
		492C9F72298BB26E0059906B /* marsXlog */ = {
			isa = PBXGroup;
			children = (
				492C9F8C298BBA880059906B /* XLogUtil */,
				492C9F73298BB26E0059906B /* AppDelegate.h */,
				492C9F74298BB26E0059906B /* AppDelegate.m */,
				492C9F76298BB26E0059906B /* SceneDelegate.h */,
				492C9F77298BB26E0059906B /* SceneDelegate.m */,
				492C9F79298BB26E0059906B /* ViewController.h */,
				492C9F7A298BB26E0059906B /* ViewController.m */,
				492C9F7C298BB26E0059906B /* Main.storyboard */,
				492C9F7F298BB2710059906B /* Assets.xcassets */,
				492C9F81298BB2710059906B /* LaunchScreen.storyboard */,
				492C9F84298BB2710059906B /* Info.plist */,
				492C9F85298BB2710059906B /* main.m */,
			);
			path = marsXlog;
			sourceTree = "<group>";
		};
		492C9F8C298BBA880059906B /* XLogUtil */ = {
			isa = PBXGroup;
			children = (
				492C9F8E298BBA880059906B /* library */,
				492C9F90298BBA880059906B /* SGLXlogManager.h */,
				492C9F8D298BBA880059906B /* SGLXlogManager.mm */,
			);
			path = XLogUtil;
			sourceTree = "<group>";
		};
		492C9F8E298BBA880059906B /* library */ = {
			isa = PBXGroup;
			children = (
				492C9F8F298BBA880059906B /* mars.framework */,
			);
			path = library;
			sourceTree = "<group>";
		};
		492C9F93298BBB000059906B /* Frameworks */ = {
			isa = PBXGroup;
			children = (
				492C9F9E298BBB3B0059906B /* libresolv.9.tbd */,
				492C9F9C298BBB340059906B /* SystemConfiguration.framework */,
				492C9F9A298BBB1F0059906B /* libz.tbd */,
				492C9F98298BBB110059906B /* UIKit.framework */,
				492C9F96298BBB090059906B /* CoreTelephony.framework */,
				492C9F94298BBB010059906B /* Foundation.framework */,
			);
			name = Frameworks;
			sourceTree = "<group>";
		};
/* End PBXGroup section */

/* Begin PBXNativeTarget section */
		492C9F6F298BB26E0059906B /* marsXlog */ = {
			isa = PBXNativeTarget;
			buildConfigurationList = 492C9F89298BB2710059906B /* Build configuration list for PBXNativeTarget "marsXlog" */;
			buildPhases = (
				492C9F6C298BB26E0059906B /* Sources */,
				492C9F6D298BB26E0059906B /* Frameworks */,
				492C9F6E298BB26E0059906B /* Resources */,
			);
			buildRules = (
			);
			dependencies = (
			);
			name = marsXlog;
			productName = marsXlog;
			productReference = 492C9F70298BB26E0059906B /* marsXlog.app */;
			productType = "com.apple.product-type.application";
		};
/* End PBXNativeTarget section */

/* Begin PBXProject section */
		492C9F68298BB26E0059906B /* Project object */ = {
			isa = PBXProject;
			attributes = {
				BuildIndependentTargetsInParallel = 1;
				LastUpgradeCheck = 1400;
				TargetAttributes = {
					492C9F6F298BB26E0059906B = {
						CreatedOnToolsVersion = 14.0;
					};
				};
			};
			buildConfigurationList = 492C9F6B298BB26E0059906B /* Build configuration list for PBXProject "marsXlog" */;
			compatibilityVersion = "Xcode 14.0";
			developmentRegion = en;
			hasScannedForEncodings = 0;
			knownRegions = (
				en,
				Base,
			);
			mainGroup = 492C9F67298BB26E0059906B;
			productRefGroup = 492C9F71298BB26E0059906B /* Products */;
			projectDirPath = "";
			projectRoot = "";
			targets = (
				492C9F6F298BB26E0059906B /* marsXlog */,
			);
		};
/* End PBXProject section */

/* Begin PBXResourcesBuildPhase section */
		492C9F6E298BB26E0059906B /* Resources */ = {
			isa = PBXResourcesBuildPhase;
			buildActionMask = 2147483647;
			files = (
				492C9F83298BB2710059906B /* LaunchScreen.storyboard in Resources */,
				492C9F80298BB2710059906B /* Assets.xcassets in Resources */,
				492C9F7E298BB26E0059906B /* Main.storyboard in Resources */,
			);
			runOnlyForDeploymentPostprocessing = 0;
		};
/* End PBXResourcesBuildPhase section */

/* Begin PBXSourcesBuildPhase section */
		492C9F6C298BB26E0059906B /* Sources */ = {
			isa = PBXSourcesBuildPhase;
			buildActionMask = 2147483647;
			files = (
				492C9F7B298BB26E0059906B /* ViewController.m in Sources */,
				492C9F75298BB26E0059906B /* AppDelegate.m in Sources */,
				492C9F86298BB2710059906B /* main.m in Sources */,
				492C9F91298BBA880059906B /* SGLXlogManager.mm in Sources */,
				492C9F78298BB26E0059906B /* SceneDelegate.m in Sources */,
			);
			runOnlyForDeploymentPostprocessing = 0;
		};
/* End PBXSourcesBuildPhase section */

/* Begin PBXVariantGroup section */
		492C9F7C298BB26E0059906B /* Main.storyboard */ = {
			isa = PBXVariantGroup;
			children = (
				492C9F7D298BB26E0059906B /* Base */,
			);
			name = Main.storyboard;
			sourceTree = "<group>";
		};
		492C9F81298BB2710059906B /* LaunchScreen.storyboard */ = {
			isa = PBXVariantGroup;
			children = (
				492C9F82298BB2710059906B /* Base */,
			);
			name = LaunchScreen.storyboard;
			sourceTree = "<group>";
		};
/* End PBXVariantGroup section */

/* Begin XCBuildConfiguration section */
		492C9F87298BB2710059906B /* Debug */ = {
			isa = XCBuildConfiguration;
			buildSettings = {
				ALWAYS_SEARCH_USER_PATHS = NO;
				CLANG_ANALYZER_NONNULL = YES;
				CLANG_ANALYZER_NUMBER_OBJECT_CONVERSION = YES_AGGRESSIVE;
				CLANG_CXX_LANGUAGE_STANDARD = "gnu++20";
				CLANG_ENABLE_MODULES = YES;
				CLANG_ENABLE_OBJC_ARC = YES;
				CLANG_ENABLE_OBJC_WEAK = YES;
				CLANG_WARN_BLOCK_CAPTURE_AUTORELEASING = YES;
				CLANG_WARN_BOOL_CONVERSION = YES;
				CLANG_WARN_COMMA = YES;
				CLANG_WARN_CONSTANT_CONVERSION = YES;
				CLANG_WARN_DEPRECATED_OBJC_IMPLEMENTATIONS = YES;
				CLANG_WARN_DIRECT_OBJC_ISA_USAGE = YES_ERROR;
				CLANG_WARN_DOCUMENTATION_COMMENTS = YES;
				CLANG_WARN_EMPTY_BODY = YES;
				CLANG_WARN_ENUM_CONVERSION = YES;
				CLANG_WARN_INFINITE_RECURSION = YES;
				CLANG_WARN_INT_CONVERSION = YES;
				CLANG_WARN_NON_LITERAL_NULL_CONVERSION = YES;
				CLANG_WARN_OBJC_IMPLICIT_RETAIN_SELF = YES;
				CLANG_WARN_OBJC_LITERAL_CONVERSION = YES;
				CLANG_WARN_OBJC_ROOT_CLASS = YES_ERROR;
				CLANG_WARN_QUOTED_INCLUDE_IN_FRAMEWORK_HEADER = YES;
				CLANG_WARN_RANGE_LOOP_ANALYSIS = YES;
				CLANG_WARN_STRICT_PROTOTYPES = YES;
				CLANG_WARN_SUSPICIOUS_MOVE = YES;
				CLANG_WARN_UNGUARDED_AVAILABILITY = YES_AGGRESSIVE;
				CLANG_WARN_UNREACHABLE_CODE = YES;
				CLANG_WARN__DUPLICATE_METHOD_MATCH = YES;
				COPY_PHASE_STRIP = NO;
				DEBUG_INFORMATION_FORMAT = dwarf;
				ENABLE_STRICT_OBJC_MSGSEND = YES;
				ENABLE_TESTABILITY = YES;
				GCC_C_LANGUAGE_STANDARD = gnu11;
				GCC_DYNAMIC_NO_PIC = NO;
				GCC_NO_COMMON_BLOCKS = YES;
				GCC_OPTIMIZATION_LEVEL = 0;
				GCC_PREPROCESSOR_DEFINITIONS = (
					"DEBUG=1",
					"$(inherited)",
				);
				GCC_WARN_64_TO_32_BIT_CONVERSION = YES;
				GCC_WARN_ABOUT_RETURN_TYPE = YES_ERROR;
				GCC_WARN_UNDECLARED_SELECTOR = YES;
				GCC_WARN_UNINITIALIZED_AUTOS = YES_AGGRESSIVE;
				GCC_WARN_UNUSED_FUNCTION = YES;
				GCC_WARN_UNUSED_VARIABLE = YES;
				IPHONEOS_DEPLOYMENT_TARGET = 16.0;
				MTL_ENABLE_DEBUG_INFO = INCLUDE_SOURCE;
				MTL_FAST_MATH = YES;
				ONLY_ACTIVE_ARCH = YES;
				SDKROOT = iphoneos;
			};
			name = Debug;
		};
		492C9F88298BB2710059906B /* Release */ = {
			isa = XCBuildConfiguration;
			buildSettings = {
				ALWAYS_SEARCH_USER_PATHS = NO;
				CLANG_ANALYZER_NONNULL = YES;
				CLANG_ANALYZER_NUMBER_OBJECT_CONVERSION = YES_AGGRESSIVE;
				CLANG_CXX_LANGUAGE_STANDARD = "gnu++20";
				CLANG_ENABLE_MODULES = YES;
				CLANG_ENABLE_OBJC_ARC = YES;
				CLANG_ENABLE_OBJC_WEAK = YES;
				CLANG_WARN_BLOCK_CAPTURE_AUTORELEASING = YES;
				CLANG_WARN_BOOL_CONVERSION = YES;
				CLANG_WARN_COMMA = YES;
				CLANG_WARN_CONSTANT_CONVERSION = YES;
				CLANG_WARN_DEPRECATED_OBJC_IMPLEMENTATIONS = YES;
				CLANG_WARN_DIRECT_OBJC_ISA_USAGE = YES_ERROR;
				CLANG_WARN_DOCUMENTATION_COMMENTS = YES;
				CLANG_WARN_EMPTY_BODY = YES;
				CLANG_WARN_ENUM_CONVERSION = YES;
				CLANG_WARN_INFINITE_RECURSION = YES;
				CLANG_WARN_INT_CONVERSION = YES;
				CLANG_WARN_NON_LITERAL_NULL_CONVERSION = YES;
				CLANG_WARN_OBJC_IMPLICIT_RETAIN_SELF = YES;
				CLANG_WARN_OBJC_LITERAL_CONVERSION = YES;
				CLANG_WARN_OBJC_ROOT_CLASS = YES_ERROR;
				CLANG_WARN_QUOTED_INCLUDE_IN_FRAMEWORK_HEADER = YES;
				CLANG_WARN_RANGE_LOOP_ANALYSIS = YES;
				CLANG_WARN_STRICT_PROTOTYPES = YES;
				CLANG_WARN_SUSPICIOUS_MOVE = YES;
				CLANG_WARN_UNGUARDED_AVAILABILITY = YES_AGGRESSIVE;
				CLANG_WARN_UNREACHABLE_CODE = YES;
				CLANG_WARN__DUPLICATE_METHOD_MATCH = YES;
				COPY_PHASE_STRIP = NO;
				DEBUG_INFORMATION_FORMAT = "dwarf-with-dsym";
				ENABLE_NS_ASSERTIONS = NO;
				ENABLE_STRICT_OBJC_MSGSEND = YES;
				GCC_C_LANGUAGE_STANDARD = gnu11;
				GCC_NO_COMMON_BLOCKS = YES;
				GCC_WARN_64_TO_32_BIT_CONVERSION = YES;
				GCC_WARN_ABOUT_RETURN_TYPE = YES_ERROR;
				GCC_WARN_UNDECLARED_SELECTOR = YES;
				GCC_WARN_UNINITIALIZED_AUTOS = YES_AGGRESSIVE;
				GCC_WARN_UNUSED_FUNCTION = YES;
				GCC_WARN_UNUSED_VARIABLE = YES;
				IPHONEOS_DEPLOYMENT_TARGET = 16.0;
				MTL_ENABLE_DEBUG_INFO = NO;
				MTL_FAST_MATH = YES;
				SDKROOT = iphoneos;
				VALIDATE_PRODUCT = YES;
			};
			name = Release;
		};
		492C9F8A298BB2710059906B /* Debug */ = {
			isa = XCBuildConfiguration;
			buildSettings = {
				ASSETCATALOG_COMPILER_APPICON_NAME = AppIcon;
				ASSETCATALOG_COMPILER_GLOBAL_ACCENT_COLOR_NAME = AccentColor;
				CODE_SIGN_STYLE = Automatic;
				CURRENT_PROJECT_VERSION = 1;
				FRAMEWORK_SEARCH_PATHS = (
					"$(inherited)",
					"$(PROJECT_DIR)/marsXlog/XLogUtil/library",
				);
				GENERATE_INFOPLIST_FILE = YES;
				INFOPLIST_FILE = marsXlog/Info.plist;
				INFOPLIST_KEY_UIApplicationSupportsIndirectInputEvents = YES;
				INFOPLIST_KEY_UILaunchStoryboardName = LaunchScreen;
				INFOPLIST_KEY_UIMainStoryboardFile = Main;
				INFOPLIST_KEY_UISupportedInterfaceOrientations_iPad = "UIInterfaceOrientationPortrait UIInterfaceOrientationPortraitUpsideDown UIInterfaceOrientationLandscapeLeft UIInterfaceOrientationLandscapeRight";
				INFOPLIST_KEY_UISupportedInterfaceOrientations_iPhone = "UIInterfaceOrientationPortrait UIInterfaceOrientationLandscapeLeft UIInterfaceOrientationLandscapeRight";
				LD_RUNPATH_SEARCH_PATHS = (
					"$(inherited)",
					"@executable_path/Frameworks",
				);
				MARKETING_VERSION = 1.0;
				PRODUCT_BUNDLE_IDENTIFIER = cn.jc.marsXlog.marsXlog;
				PRODUCT_NAME = "$(TARGET_NAME)";
				SWIFT_EMIT_LOC_STRINGS = YES;
				TARGETED_DEVICE_FAMILY = "1,2";
			};
			name = Debug;
		};
		492C9F8B298BB2710059906B /* Release */ = {
			isa = XCBuildConfiguration;
			buildSettings = {
				ASSETCATALOG_COMPILER_APPICON_NAME = AppIcon;
				ASSETCATALOG_COMPILER_GLOBAL_ACCENT_COLOR_NAME = AccentColor;
				CODE_SIGN_STYLE = Automatic;
				CURRENT_PROJECT_VERSION = 1;
				FRAMEWORK_SEARCH_PATHS = (
					"$(inherited)",
					"$(PROJECT_DIR)/marsXlog/XLogUtil/library",
				);
				GENERATE_INFOPLIST_FILE = YES;
				INFOPLIST_FILE = marsXlog/Info.plist;
				INFOPLIST_KEY_UIApplicationSupportsIndirectInputEvents = YES;
				INFOPLIST_KEY_UILaunchStoryboardName = LaunchScreen;
				INFOPLIST_KEY_UIMainStoryboardFile = Main;
				INFOPLIST_KEY_UISupportedInterfaceOrientations_iPad = "UIInterfaceOrientationPortrait UIInterfaceOrientationPortraitUpsideDown UIInterfaceOrientationLandscapeLeft UIInterfaceOrientationLandscapeRight";
				INFOPLIST_KEY_UISupportedInterfaceOrientations_iPhone = "UIInterfaceOrientationPortrait UIInterfaceOrientationLandscapeLeft UIInterfaceOrientationLandscapeRight";
				LD_RUNPATH_SEARCH_PATHS = (
					"$(inherited)",
					"@executable_path/Frameworks",
				);
				MARKETING_VERSION = 1.0;
				PRODUCT_BUNDLE_IDENTIFIER = cn.jc.marsXlog.marsXlog;
				PRODUCT_NAME = "$(TARGET_NAME)";
				SWIFT_EMIT_LOC_STRINGS = YES;
				TARGETED_DEVICE_FAMILY = "1,2";
			};
			name = Release;
		};
/* End XCBuildConfiguration section */

/* Begin XCConfigurationList section */
		492C9F6B298BB26E0059906B /* Build configuration list for PBXProject "marsXlog" */ = {
			isa = XCConfigurationList;
			buildConfigurations = (
				492C9F87298BB2710059906B /* Debug */,
				492C9F88298BB2710059906B /* Release */,
			);
			defaultConfigurationIsVisible = 0;
			defaultConfigurationName = Release;
		};
		492C9F89298BB2710059906B /* Build configuration list for PBXNativeTarget "marsXlog" */ = {
			isa = XCConfigurationList;
			buildConfigurations = (
				492C9F8A298BB2710059906B /* Debug */,
				492C9F8B298BB2710059906B /* Release */,
			);
			defaultConfigurationIsVisible = 0;
			defaultConfigurationName = Release;
		};
/* End XCConfigurationList section */
	};
	rootObject = 492C9F68298BB26E0059906B /* Project object */;
}
